
Microsoft Visual Studio Solution File, Format Version 12.00
# Visual Studio 15
Project("{FAE04EC0-301F-11D3-BF4B-00C04F79EFBC}") = "ReflectionExercise", "ReflectionExercise\ReflectionExercise.csproj", "{71CD0FBA-EDF4-44CD-964D-614C7E5B854B}"
EndProject
Global
	GlobalSection(SolutionConfigurationPlatforms) = preSolution
		Debug|Any CPU = Debug|Any CPU
		Release|Any CPU = Release|Any CPU
	EndGlobalSection
	GlobalSection(ProjectConfigurationPlatforms) = postSolution
		{71CD0FBA-EDF4-44CD-964D-614C7E5B854B}.Debug|Any CPU.ActiveCfg = Debug|Any CPU
		{71CD0FBA-EDF4-44CD-964D-614C7E5B854B}.Debug|Any CPU.Build.0 = Debug|Any CPU
		{71CD0FBA-EDF4-44CD-964D-614C7E5B854B}.Release|Any CPU.ActiveCfg = Release|Any CPU
		{71CD0FBA-EDF4-44CD-964D-614C7E5B854B}.Release|Any CPU.Build.0 = Release|Any CPU
	EndGlobalSection
EndGlobal
